
Microsoft Visual Studio Solution File, Format Version 12.00
# Visual Studio Version 17
VisualStudioVersion = 17.7.34202.233
MinimumVisualStudioVersion = 10.0.40219.1
Project("{FAE04EC0-301F-11D3-BF4B-00C04F79EFBC}") = "AppBox.CopyFileApp", "AppBox.CopyFileApp\AppBox.CopyFileApp.csproj", "{F1862DE5-6ED7-45A2-B048-513D65211471}"
EndProject
Global
	GlobalSection(SolutionConfigurationPlatforms) = preSolution
		Debug|Any CPU = Debug|Any CPU
		Release|Any CPU = Release|Any CPU
	EndGlobalSection
	GlobalSection(ProjectConfigurationPlatforms) = postSolution
		{F1862DE5-6ED7-45A2-B048-513D65211471}.Debug|Any CPU.ActiveCfg = Debug|Any CPU
		{F1862DE5-6ED7-45A2-B048-513D65211471}.Debug|Any CPU.Build.0 = Debug|Any CPU
		{F1862DE5-6ED7-45A2-B048-513D65211471}.Release|Any CPU.ActiveCfg = Release|Any CPU
		{F1862DE5-6ED7-45A2-B048-513D65211471}.Release|Any CPU.Build.0 = Release|Any CPU
	EndGlobalSection
	GlobalSection(SolutionProperties) = preSolution
		HideSolutionNode = FALSE
	EndGlobalSection
	GlobalSection(ExtensibilityGlobals) = postSolution
		SolutionGuid = {10B192E9-3C2D-41D5-906B-D5596B84EE3C}
	EndGlobalSection
EndGlobal
